
Microsoft Visual Studio Solution File, Format Version 12.00
# Visual Studio 15
VisualStudioVersion = 15.0.27004.2009
MinimumVisualStudioVersion = 10.0.40219.1
Project("{8BC9CEB8-8B4A-11D0-8D11-00A0C91BC942}") = "GameEngine", "GameEngine\GameEngine.vcxproj", "{E17E8D53-C66F-494E-B495-00EE34A0B66D}"
	ProjectSection(ProjectDependencies) = postProject
		{1AB884C5-B769-46D2-BDD0-8CEF3AD7AEB2} = {1AB884C5-B769-46D2-BDD0-8CEF3AD7AEB2}
	EndProjectSection
EndProject
Project("{8BC9CEB8-8B4A-11D0-8D11-00A0C91BC942}") = "TestGame", "TestGame\TestGame.vcxproj", "{9B0F6058-09C8-4B74-8910-4229AA0C016E}"
	ProjectSection(ProjectDependencies) = postProject
		{E17E8D53-C66F-494E-B495-00EE34A0B66D} = {E17E8D53-C66F-494E-B495-00EE34A0B66D}
	EndProjectSection
EndProject
Project("{8BC9CEB8-8B4A-11D0-8D11-00A0C91BC942}") = "Gwint", "Gwint\Gwint.vcxproj", "{47F36A37-C53F-45FF-93F6-2090D75680AC}"
	ProjectSection(ProjectDependencies) = postProject
		{E17E8D53-C66F-494E-B495-00EE34A0B66D} = {E17E8D53-C66F-494E-B495-00EE34A0B66D}
	EndProjectSection
EndProject
Project("{8BC9CEB8-8B4A-11D0-8D11-00A0C91BC942}") = "GwintServer", "GwintServer\GwintServer.vcxproj", "{D23B021D-1E19-47CC-B2E2-2541F678F2F4}"
	ProjectSection(ProjectDependencies) = postProject
		{E17E8D53-C66F-494E-B495-00EE34A0B66D} = {E17E8D53-C66F-494E-B495-00EE34A0B66D}
	EndProjectSection
EndProject
Project("{8BC9CEB8-8B4A-11D0-8D11-00A0C91BC942}") = "GameEngineTests", "GameEngineTests\GameEngineTests.vcxproj", "{2BE6755D-3432-439E-B1A0-D39125B16AB9}"
	ProjectSection(ProjectDependencies) = postProject
		{E17E8D53-C66F-494E-B495-00EE34A0B66D} = {E17E8D53-C66F-494E-B495-00EE34A0B66D}
	EndProjectSection
EndProject
Project("{8BC9CEB8-8B4A-11D0-8D11-00A0C91BC942}") = "Utils", "Utils\Utils.vcxproj", "{1AB884C5-B769-46D2-BDD0-8CEF3AD7AEB2}"
EndProject
Project("{8BC9CEB8-8B4A-11D0-8D11-00A0C91BC942}") = "TerrainGeneration", "TerrainGeneration\TerrainGeneration.vcxproj", "{B89BB922-72D9-4471-825E-BFC2B53B9F4C}"
EndProject
Global
	GlobalSection(SolutionConfigurationPlatforms) = preSolution
		Debug|x64 = Debug|x64
		Debug|x86 = Debug|x86
		Release|x64 = Release|x64
		Release|x86 = Release|x86
	EndGlobalSection
	GlobalSection(ProjectConfigurationPlatforms) = postSolution
		{E17E8D53-C66F-494E-B495-00EE34A0B66D}.Debug|x64.ActiveCfg = Debug|x64
		{E17E8D53-C66F-494E-B495-00EE34A0B66D}.Debug|x64.Build.0 = Debug|x64
		{E17E8D53-C66F-494E-B495-00EE34A0B66D}.Debug|x86.ActiveCfg = Debug|Win32
		{E17E8D53-C66F-494E-B495-00EE34A0B66D}.Debug|x86.Build.0 = Debug|Win32
		{E17E8D53-C66F-494E-B495-00EE34A0B66D}.Release|x64.ActiveCfg = Release|x64
		{E17E8D53-C66F-494E-B495-00EE34A0B66D}.Release|x64.Build.0 = Release|x64
		{E17E8D53-C66F-494E-B495-00EE34A0B66D}.Release|x86.ActiveCfg = Release|Win32
		{E17E8D53-C66F-494E-B495-00EE34A0B66D}.Release|x86.Build.0 = Release|Win32
		{9B0F6058-09C8-4B74-8910-4229AA0C016E}.Debug|x64.ActiveCfg = Debug|x64
		{9B0F6058-09C8-4B74-8910-4229AA0C016E}.Debug|x64.Build.0 = Debug|x64
		{9B0F6058-09C8-4B74-8910-4229AA0C016E}.Debug|x86.ActiveCfg = Debug|Win32
		{9B0F6058-09C8-4B74-8910-4229AA0C016E}.Debug|x86.Build.0 = Debug|Win32
		{9B0F6058-09C8-4B74-8910-4229AA0C016E}.Release|x64.ActiveCfg = Release|x64
		{9B0F6058-09C8-4B74-8910-4229AA0C016E}.Release|x64.Build.0 = Release|x64
		{9B0F6058-09C8-4B74-8910-4229AA0C016E}.Release|x86.ActiveCfg = Release|Win32
		{9B0F6058-09C8-4B74-8910-4229AA0C016E}.Release|x86.Build.0 = Release|Win32
		{47F36A37-C53F-45FF-93F6-2090D75680AC}.Debug|x64.ActiveCfg = Debug|x64
		{47F36A37-C53F-45FF-93F6-2090D75680AC}.Debug|x64.Build.0 = Debug|x64
		{47F36A37-C53F-45FF-93F6-2090D75680AC}.Debug|x86.ActiveCfg = Debug|Win32
		{47F36A37-C53F-45FF-93F6-2090D75680AC}.Debug|x86.Build.0 = Debug|Win32
		{47F36A37-C53F-45FF-93F6-2090D75680AC}.Release|x64.ActiveCfg = Release|x64
		{47F36A37-C53F-45FF-93F6-2090D75680AC}.Release|x64.Build.0 = Release|x64
		{47F36A37-C53F-45FF-93F6-2090D75680AC}.Release|x86.ActiveCfg = Release|Win32
		{47F36A37-C53F-45FF-93F6-2090D75680AC}.Release|x86.Build.0 = Release|Win32
		{D23B021D-1E19-47CC-B2E2-2541F678F2F4}.Debug|x64.ActiveCfg = Debug|x64
		{D23B021D-1E19-47CC-B2E2-2541F678F2F4}.Debug|x64.Build.0 = Debug|x64
		{D23B021D-1E19-47CC-B2E2-2541F678F2F4}.Debug|x86.ActiveCfg = Debug|Win32
		{D23B021D-1E19-47CC-B2E2-2541F678F2F4}.Debug|x86.Build.0 = Debug|Win32
		{D23B021D-1E19-47CC-B2E2-2541F678F2F4}.Release|x64.ActiveCfg = Release|x64
		{D23B021D-1E19-47CC-B2E2-2541F678F2F4}.Release|x64.Build.0 = Release|x64
		{D23B021D-1E19-47CC-B2E2-2541F678F2F4}.Release|x86.ActiveCfg = Release|Win32
		{D23B021D-1E19-47CC-B2E2-2541F678F2F4}.Release|x86.Build.0 = Release|Win32
		{2BE6755D-3432-439E-B1A0-D39125B16AB9}.Debug|x64.ActiveCfg = Debug|x64
		{2BE6755D-3432-439E-B1A0-D39125B16AB9}.Debug|x64.Build.0 = Debug|x64
		{2BE6755D-3432-439E-B1A0-D39125B16AB9}.Debug|x86.ActiveCfg = Debug|Win32
		{2BE6755D-3432-439E-B1A0-D39125B16AB9}.Debug|x86.Build.0 = Debug|Win32
		{2BE6755D-3432-439E-B1A0-D39125B16AB9}.Release|x64.ActiveCfg = Release|x64
		{2BE6755D-3432-439E-B1A0-D39125B16AB9}.Release|x64.Build.0 = Release|x64
		{2BE6755D-3432-439E-B1A0-D39125B16AB9}.Release|x86.ActiveCfg = Release|Win32
		{2BE6755D-3432-439E-B1A0-D39125B16AB9}.Release|x86.Build.0 = Release|Win32
		{1AB884C5-B769-46D2-BDD0-8CEF3AD7AEB2}.Debug|x64.ActiveCfg = Debug|x64
		{1AB884C5-B769-46D2-BDD0-8CEF3AD7AEB2}.Debug|x64.Build.0 = Debug|x64
		{1AB884C5-B769-46D2-BDD0-8CEF3AD7AEB2}.Debug|x86.ActiveCfg = Debug|Win32
		{1AB884C5-B769-46D2-BDD0-8CEF3AD7AEB2}.Debug|x86.Build.0 = Debug|Win32
		{1AB884C5-B769-46D2-BDD0-8CEF3AD7AEB2}.Release|x64.ActiveCfg = Release|x64
		{1AB884C5-B769-46D2-BDD0-8CEF3AD7AEB2}.Release|x64.Build.0 = Release|x64
		{1AB884C5-B769-46D2-BDD0-8CEF3AD7AEB2}.Release|x86.ActiveCfg = Release|Win32
		{1AB884C5-B769-46D2-BDD0-8CEF3AD7AEB2}.Release|x86.Build.0 = Release|Win32
		{B89BB922-72D9-4471-825E-BFC2B53B9F4C}.Debug|x64.ActiveCfg = Debug|x64
		{B89BB922-72D9-4471-825E-BFC2B53B9F4C}.Debug|x64.Build.0 = Debug|x64
		{B89BB922-72D9-4471-825E-BFC2B53B9F4C}.Debug|x86.ActiveCfg = Debug|Win32
		{B89BB922-72D9-4471-825E-BFC2B53B9F4C}.Debug|x86.Build.0 = Debug|Win32
		{B89BB922-72D9-4471-825E-BFC2B53B9F4C}.Release|x64.ActiveCfg = Release|x64
		{B89BB922-72D9-4471-825E-BFC2B53B9F4C}.Release|x64.Build.0 = Release|x64
		{B89BB922-72D9-4471-825E-BFC2B53B9F4C}.Release|x86.ActiveCfg = Release|Win32
		{B89BB922-72D9-4471-825E-BFC2B53B9F4C}.Release|x86.Build.0 = Release|Win32
	EndGlobalSection
	GlobalSection(SolutionProperties) = preSolution
		HideSolutionNode = FALSE
	EndGlobalSection
	GlobalSection(ExtensibilityGlobals) = postSolution
		SolutionGuid = {B385937C-CA50-4CB7-9FC4-DA6E5384F017}
	EndGlobalSection
EndGlobal
