Microsoft Visual Studio Solution File, Format Version 12.00
# Visual Studio Version 17
VisualStudioVersion = 17.9.34607.119
MinimumVisualStudioVersion = 10.0.40219.1
Project("{8BC9CEB8-8B4A-11D0-8D11-00A0C91BC942}") = "DirectXApi", "..\..\Sources\DirectXApi\DirectXApi.vcxproj", "{E2CC3475-9000-4C81-873F-FD93D925E34A}"
	ProjectSection(ProjectDependencies) = postProject
		{C84BF5E8-9A00-48FA-8465-4F55BBEAA7D6} = {C84BF5E8-9A00-48FA-8465-4F55BBEAA7D6}
		{1AB884C5-B769-46D2-BDD0-8CEF3AD7AEB2} = {1AB884C5-B769-46D2-BDD0-8CEF3AD7AEB2}
	EndProjectSection
EndProject
Project("{8BC9CEB8-8B4A-11D0-8D11-00A0C91BC942}") = "GraphicsApi", "..\..\Sources\GraphicsApi\GraphicsApi.vcxproj", "{C84BF5E8-9A00-48FA-8465-4F55BBEAA7D6}"
	ProjectSection(ProjectDependencies) = postProject
		{D9D08FE8-54BB-421A-A4A3-278046C6D26D} = {D9D08FE8-54BB-421A-A4A3-278046C6D26D}
	EndProjectSection
EndProject
Project("{8BC9CEB8-8B4A-11D0-8D11-00A0C91BC942}") = "Input", "..\..\Sources\Input\Input.vcxproj", "{D9D08FE8-54BB-421A-A4A3-278046C6D26D}"
EndProject
Project("{8BC9CEB8-8B4A-11D0-8D11-00A0C91BC942}") = "OpenGLApi", "..\..\Sources\OpenGLApi\OpenGLApi.vcxproj", "{930099C9-A434-463E-B8F5-3CDABE4866EC}"
	ProjectSection(ProjectDependencies) = postProject
		{1AB884C5-B769-46D2-BDD0-8CEF3AD7AEB2} = {1AB884C5-B769-46D2-BDD0-8CEF3AD7AEB2}
	EndProjectSection
EndProject
Project("{8BC9CEB8-8B4A-11D0-8D11-00A0C91BC942}") = "RpgGameServer", "..\..\Sources\RpgGameServer\RpgGameServer.vcxproj", "{8F388312-4ADF-43B0-8ED8-609078431905}"
	ProjectSection(ProjectDependencies) = postProject
		{1AB884C5-B769-46D2-BDD0-8CEF3AD7AEB2} = {1AB884C5-B769-46D2-BDD0-8CEF3AD7AEB2}
		{9D8201EF-3E5A-44CB-95DB-97D5935EF93B} = {9D8201EF-3E5A-44CB-95DB-97D5935EF93B}
		{5ADAA6FD-1BB7-4369-825D-7777126B7817} = {5ADAA6FD-1BB7-4369-825D-7777126B7817}
	EndProjectSection
EndProject
Project("{8BC9CEB8-8B4A-11D0-8D11-00A0C91BC942}") = "UtilsNetwork", "..\..\Sources\UtilsNetwork\UtilsNetwork.vcxproj", "{9D8201EF-3E5A-44CB-95DB-97D5935EF93B}"
	ProjectSection(ProjectDependencies) = postProject
		{1AB884C5-B769-46D2-BDD0-8CEF3AD7AEB2} = {1AB884C5-B769-46D2-BDD0-8CEF3AD7AEB2}
	EndProjectSection
EndProject
Project("{8BC9CEB8-8B4A-11D0-8D11-00A0C91BC942}") = "Utils", "..\..\Sources\Utils\Utils.vcxproj", "{1AB884C5-B769-46D2-BDD0-8CEF3AD7AEB2}"
EndProject
Project("{8BC9CEB8-8B4A-11D0-8D11-00A0C91BC942}") = "GameEngine", "..\..\Sources\GameEngine\GameEngine.vcxproj", "{E17E8D53-C66F-494E-B495-00EE34A0B66D}"
	ProjectSection(ProjectDependencies) = postProject
		{1AB884C5-B769-46D2-BDD0-8CEF3AD7AEB2} = {1AB884C5-B769-46D2-BDD0-8CEF3AD7AEB2}
	EndProjectSection
EndProject
Project("{8BC9CEB8-8B4A-11D0-8D11-00A0C91BC942}") = "TestGame", "..\..\Sources\TestGame\TestGame.vcxproj", "{9B0F6058-09C8-4B74-8910-4229AA0C016E}"
	ProjectSection(ProjectDependencies) = postProject
		{E17E8D53-C66F-494E-B495-00EE34A0B66D} = {E17E8D53-C66F-494E-B495-00EE34A0B66D}
		{E2CC3475-9000-4C81-873F-FD93D925E34A} = {E2CC3475-9000-4C81-873F-FD93D925E34A}
		{930099C9-A434-463E-B8F5-3CDABE4866EC} = {930099C9-A434-463E-B8F5-3CDABE4866EC}
		{D9D08FE8-54BB-421A-A4A3-278046C6D26D} = {D9D08FE8-54BB-421A-A4A3-278046C6D26D}
		{1AB884C5-B769-46D2-BDD0-8CEF3AD7AEB2} = {1AB884C5-B769-46D2-BDD0-8CEF3AD7AEB2}
		{9D8201EF-3E5A-44CB-95DB-97D5935EF93B} = {9D8201EF-3E5A-44CB-95DB-97D5935EF93B}
		{5ADAA6FD-1BB7-4369-825D-7777126B7817} = {5ADAA6FD-1BB7-4369-825D-7777126B7817}
	EndProjectSection
EndProject
Project("{8BC9CEB8-8B4A-11D0-8D11-00A0C91BC942}") = "Avatar", "..\..\Sources\Avatar\Avatar.vcxproj", "{68764853-A2A7-4C1A-97F3-95302EDAC572}"
	ProjectSection(ProjectDependencies) = postProject
		{E17E8D53-C66F-494E-B495-00EE34A0B66D} = {E17E8D53-C66F-494E-B495-00EE34A0B66D}
		{E2CC3475-9000-4C81-873F-FD93D925E34A} = {E2CC3475-9000-4C81-873F-FD93D925E34A}
		{930099C9-A434-463E-B8F5-3CDABE4866EC} = {930099C9-A434-463E-B8F5-3CDABE4866EC}
		{D9D08FE8-54BB-421A-A4A3-278046C6D26D} = {D9D08FE8-54BB-421A-A4A3-278046C6D26D}
		{1AB884C5-B769-46D2-BDD0-8CEF3AD7AEB2} = {1AB884C5-B769-46D2-BDD0-8CEF3AD7AEB2}
		{9D8201EF-3E5A-44CB-95DB-97D5935EF93B} = {9D8201EF-3E5A-44CB-95DB-97D5935EF93B}
		{5ADAA6FD-1BB7-4369-825D-7777126B7817} = {5ADAA6FD-1BB7-4369-825D-7777126B7817}
		{C84BF5E8-9A00-48FA-8465-4F55BBEAA7D6} = {C84BF5E8-9A00-48FA-8465-4F55BBEAA7D6}
	EndProjectSection
EndProject
Project("{8BC9CEB8-8B4A-11D0-8D11-00A0C91BC942}") = "Editor", "..\..\Sources\Editor\Editor.vcxproj", "{000F8FB9-AAA2-4C7C-8AEA-9CF258537F01}"
	ProjectSection(ProjectDependencies) = postProject
		{E17E8D53-C66F-494E-B495-00EE34A0B66D} = {E17E8D53-C66F-494E-B495-00EE34A0B66D}
		{E2CC3475-9000-4C81-873F-FD93D925E34A} = {E2CC3475-9000-4C81-873F-FD93D925E34A}
		{930099C9-A434-463E-B8F5-3CDABE4866EC} = {930099C9-A434-463E-B8F5-3CDABE4866EC}
		{D9D08FE8-54BB-421A-A4A3-278046C6D26D} = {D9D08FE8-54BB-421A-A4A3-278046C6D26D}
		{1AB884C5-B769-46D2-BDD0-8CEF3AD7AEB2} = {1AB884C5-B769-46D2-BDD0-8CEF3AD7AEB2}
		{9D8201EF-3E5A-44CB-95DB-97D5935EF93B} = {9D8201EF-3E5A-44CB-95DB-97D5935EF93B}
		{5ADAA6FD-1BB7-4369-825D-7777126B7817} = {5ADAA6FD-1BB7-4369-825D-7777126B7817}
		{C84BF5E8-9A00-48FA-8465-4F55BBEAA7D6} = {C84BF5E8-9A00-48FA-8465-4F55BBEAA7D6}
	EndProjectSection
EndProject
Project("{8BC9CEB8-8B4A-11D0-8D11-00A0C91BC942}") = "Gwint", "..\..\Sources\Gwint\Gwint.vcxproj", "{47F36A37-C53F-45FF-93F6-2090D75680AC}"
	ProjectSection(ProjectDependencies) = postProject
		{E17E8D53-C66F-494E-B495-00EE34A0B66D} = {E17E8D53-C66F-494E-B495-00EE34A0B66D}
	EndProjectSection
EndProject
Project("{8BC9CEB8-8B4A-11D0-8D11-00A0C91BC942}") = "GwintServer", "..\..\Sources\GwintServer\GwintServer.vcxproj", "{D23B021D-1E19-47CC-B2E2-2541F678F2F4}"
	ProjectSection(ProjectDependencies) = postProject
		{E17E8D53-C66F-494E-B495-00EE34A0B66D} = {E17E8D53-C66F-494E-B495-00EE34A0B66D}
	EndProjectSection
EndProject
Project("{8BC9CEB8-8B4A-11D0-8D11-00A0C91BC942}") = "GameEngineTests", "..\..\Sources\GameEngineTests\GameEngineTests.vcxproj", "{2BE6755D-3432-439E-B1A0-D39125B16AB9}"
	ProjectSection(ProjectDependencies) = postProject
		{E17E8D53-C66F-494E-B495-00EE34A0B66D} = {E17E8D53-C66F-494E-B495-00EE34A0B66D}
	EndProjectSection
EndProject
Project("{8BC9CEB8-8B4A-11D0-8D11-00A0C91BC942}") = "TerrainGeneration", "..\..\Sources\TerrainGeneration\TerrainGeneration.vcxproj", "{B89BB922-72D9-4471-825E-BFC2B53B9F4C}"
EndProject
Project("{8BC9CEB8-8B4A-11D0-8D11-00A0C91BC942}") = "Common", "..\..\Sources\Common\Common.vcxproj", "{5ADAA6FD-1BB7-4369-825D-7777126B7817}"
	ProjectSection(ProjectDependencies) = postProject
		{1AB884C5-B769-46D2-BDD0-8CEF3AD7AEB2} = {1AB884C5-B769-46D2-BDD0-8CEF3AD7AEB2}
	EndProjectSection
EndProject
Global
	GlobalSection(SolutionConfigurationPlatforms) = preSolution
		Debug|x64 = Debug|x64
		Debug|x86 = Debug|x86
		Release|x64 = Release|x64
		Release|x86 = Release|x86
	EndGlobalSection
	GlobalSection(ProjectConfigurationPlatforms) = postSolution
		{E2CC3475-9000-4C81-873F-FD93D925E34A}.Debug|x64.ActiveCfg = Debug|x64
		{E2CC3475-9000-4C81-873F-FD93D925E34A}.Debug|x64.Build.0 = Debug|x64
		{E2CC3475-9000-4C81-873F-FD93D925E34A}.Debug|x86.ActiveCfg = Debug|Win32
		{E2CC3475-9000-4C81-873F-FD93D925E34A}.Debug|x86.Build.0 = Debug|Win32
		{E2CC3475-9000-4C81-873F-FD93D925E34A}.Release|x64.ActiveCfg = Release|x64
		{E2CC3475-9000-4C81-873F-FD93D925E34A}.Release|x64.Build.0 = Release|x64
		{E2CC3475-9000-4C81-873F-FD93D925E34A}.Release|x86.ActiveCfg = Release|Win32
		{E2CC3475-9000-4C81-873F-FD93D925E34A}.Release|x86.Build.0 = Release|Win32
		{C84BF5E8-9A00-48FA-8465-4F55BBEAA7D6}.Debug|x64.ActiveCfg = Debug|x64
		{C84BF5E8-9A00-48FA-8465-4F55BBEAA7D6}.Debug|x64.Build.0 = Debug|x64
		{C84BF5E8-9A00-48FA-8465-4F55BBEAA7D6}.Debug|x86.ActiveCfg = Debug|Win32
		{C84BF5E8-9A00-48FA-8465-4F55BBEAA7D6}.Debug|x86.Build.0 = Debug|Win32
		{C84BF5E8-9A00-48FA-8465-4F55BBEAA7D6}.Release|x64.ActiveCfg = Release|x64
		{C84BF5E8-9A00-48FA-8465-4F55BBEAA7D6}.Release|x64.Build.0 = Release|x64
		{C84BF5E8-9A00-48FA-8465-4F55BBEAA7D6}.Release|x86.ActiveCfg = Release|Win32
		{C84BF5E8-9A00-48FA-8465-4F55BBEAA7D6}.Release|x86.Build.0 = Release|Win32
		{D9D08FE8-54BB-421A-A4A3-278046C6D26D}.Debug|x64.ActiveCfg = Debug|x64
		{D9D08FE8-54BB-421A-A4A3-278046C6D26D}.Debug|x64.Build.0 = Debug|x64
		{D9D08FE8-54BB-421A-A4A3-278046C6D26D}.Debug|x86.ActiveCfg = Debug|Win32
		{D9D08FE8-54BB-421A-A4A3-278046C6D26D}.Debug|x86.Build.0 = Debug|Win32
		{D9D08FE8-54BB-421A-A4A3-278046C6D26D}.Release|x64.ActiveCfg = Release|x64
		{D9D08FE8-54BB-421A-A4A3-278046C6D26D}.Release|x64.Build.0 = Release|x64
		{D9D08FE8-54BB-421A-A4A3-278046C6D26D}.Release|x86.ActiveCfg = Release|Win32
		{D9D08FE8-54BB-421A-A4A3-278046C6D26D}.Release|x86.Build.0 = Release|Win32
		{930099C9-A434-463E-B8F5-3CDABE4866EC}.Debug|x64.ActiveCfg = Debug|x64
		{930099C9-A434-463E-B8F5-3CDABE4866EC}.Debug|x64.Build.0 = Debug|x64
		{930099C9-A434-463E-B8F5-3CDABE4866EC}.Debug|x86.ActiveCfg = Debug|Win32
		{930099C9-A434-463E-B8F5-3CDABE4866EC}.Debug|x86.Build.0 = Debug|Win32
		{930099C9-A434-463E-B8F5-3CDABE4866EC}.Release|x64.ActiveCfg = Release|x64
		{930099C9-A434-463E-B8F5-3CDABE4866EC}.Release|x64.Build.0 = Release|x64
		{930099C9-A434-463E-B8F5-3CDABE4866EC}.Release|x86.ActiveCfg = Release|Win32
		{930099C9-A434-463E-B8F5-3CDABE4866EC}.Release|x86.Build.0 = Release|Win32
		{8F388312-4ADF-43B0-8ED8-609078431905}.Debug|x64.ActiveCfg = Debug|x64
		{8F388312-4ADF-43B0-8ED8-609078431905}.Debug|x64.Build.0 = Debug|x64
		{8F388312-4ADF-43B0-8ED8-609078431905}.Debug|x86.ActiveCfg = Debug|Win32
		{8F388312-4ADF-43B0-8ED8-609078431905}.Debug|x86.Build.0 = Debug|Win32
		{8F388312-4ADF-43B0-8ED8-609078431905}.Release|x64.ActiveCfg = Release|x64
		{8F388312-4ADF-43B0-8ED8-609078431905}.Release|x64.Build.0 = Release|x64
		{8F388312-4ADF-43B0-8ED8-609078431905}.Release|x86.ActiveCfg = Release|Win32
		{8F388312-4ADF-43B0-8ED8-609078431905}.Release|x86.Build.0 = Release|Win32
		{9D8201EF-3E5A-44CB-95DB-97D5935EF93B}.Debug|x64.ActiveCfg = Debug|x64
		{9D8201EF-3E5A-44CB-95DB-97D5935EF93B}.Debug|x64.Build.0 = Debug|x64
		{9D8201EF-3E5A-44CB-95DB-97D5935EF93B}.Debug|x86.ActiveCfg = Debug|Win32
		{9D8201EF-3E5A-44CB-95DB-97D5935EF93B}.Debug|x86.Build.0 = Debug|Win32
		{9D8201EF-3E5A-44CB-95DB-97D5935EF93B}.Release|x64.ActiveCfg = Release|x64
		{9D8201EF-3E5A-44CB-95DB-97D5935EF93B}.Release|x64.Build.0 = Release|x64
		{9D8201EF-3E5A-44CB-95DB-97D5935EF93B}.Release|x86.ActiveCfg = Release|Win32
		{9D8201EF-3E5A-44CB-95DB-97D5935EF93B}.Release|x86.Build.0 = Release|Win32
		{1AB884C5-B769-46D2-BDD0-8CEF3AD7AEB2}.Debug|x64.ActiveCfg = Debug|x64
		{1AB884C5-B769-46D2-BDD0-8CEF3AD7AEB2}.Debug|x64.Build.0 = Debug|x64
		{1AB884C5-B769-46D2-BDD0-8CEF3AD7AEB2}.Debug|x86.ActiveCfg = Debug|Win32
		{1AB884C5-B769-46D2-BDD0-8CEF3AD7AEB2}.Debug|x86.Build.0 = Debug|Win32
		{1AB884C5-B769-46D2-BDD0-8CEF3AD7AEB2}.Release|x64.ActiveCfg = Release|x64
		{1AB884C5-B769-46D2-BDD0-8CEF3AD7AEB2}.Release|x64.Build.0 = Release|x64
		{1AB884C5-B769-46D2-BDD0-8CEF3AD7AEB2}.Release|x86.ActiveCfg = Release|Win32
		{1AB884C5-B769-46D2-BDD0-8CEF3AD7AEB2}.Release|x86.Build.0 = Release|Win32
		{E17E8D53-C66F-494E-B495-00EE34A0B66D}.Debug|x64.ActiveCfg = Debug|x64
		{E17E8D53-C66F-494E-B495-00EE34A0B66D}.Debug|x64.Build.0 = Debug|x64
		{E17E8D53-C66F-494E-B495-00EE34A0B66D}.Debug|x86.ActiveCfg = Debug|Win32
		{E17E8D53-C66F-494E-B495-00EE34A0B66D}.Debug|x86.Build.0 = Debug|Win32
		{E17E8D53-C66F-494E-B495-00EE34A0B66D}.Release|x64.ActiveCfg = Release|x64
		{E17E8D53-C66F-494E-B495-00EE34A0B66D}.Release|x64.Build.0 = Release|x64
		{E17E8D53-C66F-494E-B495-00EE34A0B66D}.Release|x86.ActiveCfg = Release|Win32
		{E17E8D53-C66F-494E-B495-00EE34A0B66D}.Release|x86.Build.0 = Release|Win32
		{9B0F6058-09C8-4B74-8910-4229AA0C016E}.Debug|x64.ActiveCfg = Debug|x64
		{9B0F6058-09C8-4B74-8910-4229AA0C016E}.Debug|x64.Build.0 = Debug|x64
		{9B0F6058-09C8-4B74-8910-4229AA0C016E}.Debug|x86.ActiveCfg = Debug|Win32
		{9B0F6058-09C8-4B74-8910-4229AA0C016E}.Debug|x86.Build.0 = Debug|Win32
		{9B0F6058-09C8-4B74-8910-4229AA0C016E}.Release|x64.ActiveCfg = Release|x64
		{9B0F6058-09C8-4B74-8910-4229AA0C016E}.Release|x64.Build.0 = Release|x64
		{9B0F6058-09C8-4B74-8910-4229AA0C016E}.Release|x86.ActiveCfg = Release|Win32
		{9B0F6058-09C8-4B74-8910-4229AA0C016E}.Release|x86.Build.0 = Release|Win32
		{68764853-A2A7-4C1A-97F3-95302EDAC572}.Debug|x64.ActiveCfg = Debug|x64
		{68764853-A2A7-4C1A-97F3-95302EDAC572}.Debug|x64.Build.0 = Debug|x64
		{68764853-A2A7-4C1A-97F3-95302EDAC572}.Debug|x86.ActiveCfg = Debug|Win32
		{68764853-A2A7-4C1A-97F3-95302EDAC572}.Debug|x86.Build.0 = Debug|Win32
		{68764853-A2A7-4C1A-97F3-95302EDAC572}.Release|x64.ActiveCfg = Release|x64
		{68764853-A2A7-4C1A-97F3-95302EDAC572}.Release|x64.Build.0 = Release|x64
		{68764853-A2A7-4C1A-97F3-95302EDAC572}.Release|x86.ActiveCfg = Release|Win32
		{68764853-A2A7-4C1A-97F3-95302EDAC572}.Release|x86.Build.0 = Release|Win32
		{000F8FB9-AAA2-4C7C-8AEA-9CF258537F01}.Debug|x64.ActiveCfg = Debug|x64
		{000F8FB9-AAA2-4C7C-8AEA-9CF258537F01}.Debug|x64.Build.0 = Debug|x64
		{000F8FB9-AAA2-4C7C-8AEA-9CF258537F01}.Debug|x86.ActiveCfg = Debug|Win32
		{000F8FB9-AAA2-4C7C-8AEA-9CF258537F01}.Debug|x86.Build.0 = Debug|Win32
		{000F8FB9-AAA2-4C7C-8AEA-9CF258537F01}.Release|x64.ActiveCfg = Release|x64
		{000F8FB9-AAA2-4C7C-8AEA-9CF258537F01}.Release|x64.Build.0 = Release|x64
		{000F8FB9-AAA2-4C7C-8AEA-9CF258537F01}.Release|x86.ActiveCfg = Release|Win32
		{000F8FB9-AAA2-4C7C-8AEA-9CF258537F01}.Release|x86.Build.0 = Release|Win32
		{47F36A37-C53F-45FF-93F6-2090D75680AC}.Debug|x64.ActiveCfg = Debug|x64
		{47F36A37-C53F-45FF-93F6-2090D75680AC}.Debug|x64.Build.0 = Debug|x64
		{47F36A37-C53F-45FF-93F6-2090D75680AC}.Debug|x86.ActiveCfg = Debug|Win32
		{47F36A37-C53F-45FF-93F6-2090D75680AC}.Debug|x86.Build.0 = Debug|Win32
		{47F36A37-C53F-45FF-93F6-2090D75680AC}.Release|x64.ActiveCfg = Release|x64
		{47F36A37-C53F-45FF-93F6-2090D75680AC}.Release|x64.Build.0 = Release|x64
		{47F36A37-C53F-45FF-93F6-2090D75680AC}.Release|x86.ActiveCfg = Release|Win32
		{47F36A37-C53F-45FF-93F6-2090D75680AC}.Release|x86.Build.0 = Release|Win32
		{D23B021D-1E19-47CC-B2E2-2541F678F2F4}.Debug|x64.ActiveCfg = Debug|x64
		{D23B021D-1E19-47CC-B2E2-2541F678F2F4}.Debug|x64.Build.0 = Debug|x64
		{D23B021D-1E19-47CC-B2E2-2541F678F2F4}.Debug|x86.ActiveCfg = Debug|Win32
		{D23B021D-1E19-47CC-B2E2-2541F678F2F4}.Debug|x86.Build.0 = Debug|Win32
		{D23B021D-1E19-47CC-B2E2-2541F678F2F4}.Release|x64.ActiveCfg = Release|x64
		{D23B021D-1E19-47CC-B2E2-2541F678F2F4}.Release|x64.Build.0 = Release|x64
		{D23B021D-1E19-47CC-B2E2-2541F678F2F4}.Release|x86.ActiveCfg = Release|Win32
		{D23B021D-1E19-47CC-B2E2-2541F678F2F4}.Release|x86.Build.0 = Release|Win32
		{2BE6755D-3432-439E-B1A0-D39125B16AB9}.Debug|x64.ActiveCfg = Debug|x64
		{2BE6755D-3432-439E-B1A0-D39125B16AB9}.Debug|x64.Build.0 = Debug|x64
		{2BE6755D-3432-439E-B1A0-D39125B16AB9}.Debug|x86.ActiveCfg = Debug|Win32
		{2BE6755D-3432-439E-B1A0-D39125B16AB9}.Debug|x86.Build.0 = Debug|Win32
		{2BE6755D-3432-439E-B1A0-D39125B16AB9}.Release|x64.ActiveCfg = Release|x64
		{2BE6755D-3432-439E-B1A0-D39125B16AB9}.Release|x64.Build.0 = Release|x64
		{2BE6755D-3432-439E-B1A0-D39125B16AB9}.Release|x86.ActiveCfg = Release|Win32
		{2BE6755D-3432-439E-B1A0-D39125B16AB9}.Release|x86.Build.0 = Release|Win32
		{B89BB922-72D9-4471-825E-BFC2B53B9F4C}.Debug|x64.ActiveCfg = Debug|x64
		{B89BB922-72D9-4471-825E-BFC2B53B9F4C}.Debug|x64.Build.0 = Debug|x64
		{B89BB922-72D9-4471-825E-BFC2B53B9F4C}.Debug|x86.ActiveCfg = Debug|Win32
		{B89BB922-72D9-4471-825E-BFC2B53B9F4C}.Debug|x86.Build.0 = Debug|Win32
		{B89BB922-72D9-4471-825E-BFC2B53B9F4C}.Release|x64.ActiveCfg = Release|x64
		{B89BB922-72D9-4471-825E-BFC2B53B9F4C}.Release|x64.Build.0 = Release|x64
		{B89BB922-72D9-4471-825E-BFC2B53B9F4C}.Release|x86.ActiveCfg = Release|Win32
		{B89BB922-72D9-4471-825E-BFC2B53B9F4C}.Release|x86.Build.0 = Release|Win32
		{5ADAA6FD-1BB7-4369-825D-7777126B7817}.Debug|x64.ActiveCfg = Debug|x64
		{5ADAA6FD-1BB7-4369-825D-7777126B7817}.Debug|x64.Build.0 = Debug|x64
		{5ADAA6FD-1BB7-4369-825D-7777126B7817}.Debug|x86.ActiveCfg = Debug|Win32
		{5ADAA6FD-1BB7-4369-825D-7777126B7817}.Debug|x86.Build.0 = Debug|Win32
		{5ADAA6FD-1BB7-4369-825D-7777126B7817}.Release|x64.ActiveCfg = Release|x64
		{5ADAA6FD-1BB7-4369-825D-7777126B7817}.Release|x64.Build.0 = Release|x64
		{5ADAA6FD-1BB7-4369-825D-7777126B7817}.Release|x86.ActiveCfg = Release|Win32
		{5ADAA6FD-1BB7-4369-825D-7777126B7817}.Release|x86.Build.0 = Release|Win32
	EndGlobalSection
	GlobalSection(SolutionProperties) = preSolution
		HideSolutionNode = FALSE
	EndGlobalSection
	GlobalSection(ExtensibilityGlobals) = postSolution
		SolutionGuid = {B385937C-CA50-4CB7-9FC4-DA6E5384F017}
	EndGlobalSection
EndGlobal
